
Microsoft Visual Studio Solution File, Format Version 12.00
# Visual Studio Version 17
VisualStudioVersion = 17.8.34330.188
MinimumVisualStudioVersion = 10.0.40219.1
Project("{FAE04EC0-301F-11D3-BF4B-00C04F79EFBC}") = "Telegram Bot", "Telegram Bot\Telegram Bot.csproj", "{0CE1B3CF-4CC6-4B4E-B665-3F60FA109FCA}"
EndProject
Global
	GlobalSection(SolutionConfigurationPlatforms) = preSolution
		Debug|Any CPU = Debug|Any CPU
		Release|Any CPU = Release|Any CPU
	EndGlobalSection
	GlobalSection(ProjectConfigurationPlatforms) = postSolution
		{0CE1B3CF-4CC6-4B4E-B665-3F60FA109FCA}.Debug|Any CPU.ActiveCfg = Debug|Any CPU
		{0CE1B3CF-4CC6-4B4E-B665-3F60FA109FCA}.Debug|Any CPU.Build.0 = Debug|Any CPU
		{0CE1B3CF-4CC6-4B4E-B665-3F60FA109FCA}.Release|Any CPU.ActiveCfg = Release|Any CPU
		{0CE1B3CF-4CC6-4B4E-B665-3F60FA109FCA}.Release|Any CPU.Build.0 = Release|Any CPU
	EndGlobalSection
	GlobalSection(SolutionProperties) = preSolution
		HideSolutionNode = FALSE
	EndGlobalSection
	GlobalSection(ExtensibilityGlobals) = postSolution
		SolutionGuid = {BF9F0AB3-5094-45B8-BD4A-8918F7095DF0}
	EndGlobalSection
EndGlobal
